
Microsoft Visual Studio Solution File, Format Version 12.00
Project("{2150E333-8FDC-42A3-9474-1A3956D46DE8}") = "docs", "docs", "{01FE6776-E788-46B2-93E4-1CEDB01AA851}"
EndProject
Project("{2150E333-8FDC-42A3-9474-1A3956D46DE8}") = "src", "src", "{B5A8469D-C4BB-4808-8E44-FF4DFCA57BDE}"
EndProject
Project("{FAE04EC0-301F-11D3-BF4B-00C04F79EFBC}") = "Tutorial", "docs\tutorial\Tutorial.csproj", "{B3AC9B52-96D7-4CBD-9873-8B427BB09BEB}"
EndProject
Project("{2150E333-8FDC-42A3-9474-1A3956D46DE8}") = "Blazor", "Blazor", "{9B29BD3F-7D94-4936-8379-61A2F48259AF}"
EndProject
Project("{FAE04EC0-301F-11D3-BF4B-00C04F79EFBC}") = "Abstractions", "src\Blazor\Abstractions\Abstractions.csproj", "{BA3D19EB-DDFD-4DB6-B60F-A110E22E9C48}"
EndProject
Project("{FAE04EC0-301F-11D3-BF4B-00C04F79EFBC}") = "UI", "src\Blazor\UI\UI.csproj", "{670A20E9-B4BB-4EA2-A1A0-EC45463B3A01}"
EndProject
Project("{FAE04EC0-301F-11D3-BF4B-00C04F79EFBC}") = "Server", "src\Blazor\Server\Server.csproj", "{F58743D4-2576-4354-8B59-89BCFF1154ED}"
EndProject
Project("{FAE04EC0-301F-11D3-BF4B-00C04F79EFBC}") = "HelloWorld", "src\HelloWorld\HelloWorld.csproj", "{E43053F9-B7F9-4A57-B4B7-2E84C3179D0B}"
EndProject
Project("{FAE04EC0-301F-11D3-BF4B-00C04F79EFBC}") = "HelloBlazorServer", "src\HelloBlazorServer\HelloBlazorServer.csproj", "{D347CCA4-0F31-415A-86EB-8C85C645AD22}"
EndProject
Project("{2150E333-8FDC-42A3-9474-1A3956D46DE8}") = "Caching", "Caching", "{E3EFB37C-E523-44D0-ADC9-DE1257A19125}"
EndProject
Project("{FAE04EC0-301F-11D3-BF4B-00C04F79EFBC}") = "Server", "src\Caching\Server\Server.csproj", "{C736B632-999C-475A-9556-36CF49E64A00}"
EndProject
Project("{FAE04EC0-301F-11D3-BF4B-00C04F79EFBC}") = "Common", "src\Caching\Common\Common.csproj", "{F158690D-69C5-4502-A8CE-E462660BE35F}"
EndProject
Project("{FAE04EC0-301F-11D3-BF4B-00C04F79EFBC}") = "Client", "src\Caching\Client\Client.csproj", "{C2B70735-480E-4B22-9DF1-8AFAC2C0F634}"
EndProject
Project("{FAE04EC0-301F-11D3-BF4B-00C04F79EFBC}") = "Client", "src\Blazor\Client\Client.csproj", "{D6FEBDE1-2FF2-4354-A500-692DD41FA1CA}"
EndProject
Project("{FAE04EC0-301F-11D3-BF4B-00C04F79EFBC}") = "ConsoleClient", "src\Blazor\ConsoleClient\ConsoleClient.csproj", "{AB5D5E44-4E90-48BA-BF15-1108C3950550}"
EndProject
Project("{FAE04EC0-301F-11D3-BF4B-00C04F79EFBC}") = "HelloCart", "src\HelloCart\HelloCart.csproj", "{B36E4A0D-11B7-4F54-8E98-2A9D1C4E6F2E}"
EndProject
Project("{FAE04EC0-301F-11D3-BF4B-00C04F79EFBC}") = "HelloCommandR", "src\HelloCommandR\HelloCommandR.csproj", "{60EEDA0D-791F-4195-BE7C-D1E04C66B4FC}"
EndProject
Project("{2150E333-8FDC-42A3-9474-1A3956D46DE8}") = "templates", "templates", "{A0720149-962C-4F9E-A128-9EF0846D5393}"
EndProject
Project("{FAE04EC0-301F-11D3-BF4B-00C04F79EFBC}") = "Abstractions", "templates\Blazorise\Abstractions\Abstractions.csproj", "{63CC70C3-C71B-48EC-92D9-DA8E97889A53}"
EndProject
Project("{2150E333-8FDC-42A3-9474-1A3956D46DE8}") = "Blazorise", "Blazorise", "{073BAF33-E1DA-4285-B19B-F81887226006}"
EndProject
Project("{FAE04EC0-301F-11D3-BF4B-00C04F79EFBC}") = "Host", "templates\Blazorise\Host\Host.csproj", "{C6D39C0D-1558-447F-8BFB-88336B761CFB}"
EndProject
Project("{FAE04EC0-301F-11D3-BF4B-00C04F79EFBC}") = "Services", "templates\Blazorise\Services\Services.csproj", "{084B721B-4865-4450-8B32-05C38ABD9046}"
EndProject
Project("{FAE04EC0-301F-11D3-BF4B-00C04F79EFBC}") = "UI", "templates\Blazorise\UI\UI.csproj", "{2C2AE0A5-91A6-421A-9195-EE159F0CC529}"
EndProject
Project("{2150E333-8FDC-42A3-9474-1A3956D46DE8}") = "HelloBlazorHybrid", "HelloBlazorHybrid", "{5737367C-543E-4392-AA13-CAC790A58B92}"
EndProject
Project("{FAE04EC0-301F-11D3-BF4B-00C04F79EFBC}") = "Abstractions", "templates\HelloBlazorHybrid\Abstractions\Abstractions.csproj", "{4EF8CCCE-DE45-40D0-875E-883561727B0D}"
EndProject
Project("{FAE04EC0-301F-11D3-BF4B-00C04F79EFBC}") = "Server", "templates\HelloBlazorHybrid\Server\Server.csproj", "{E50F731A-7BAB-4503-A970-A240AE9B8886}"
EndProject
Project("{FAE04EC0-301F-11D3-BF4B-00C04F79EFBC}") = "Services", "templates\HelloBlazorHybrid\Services\Services.csproj", "{A91817B3-C1CF-4E0F-896A-D177374FFF70}"
EndProject
Project("{FAE04EC0-301F-11D3-BF4B-00C04F79EFBC}") = "UI", "templates\HelloBlazorHybrid\UI\UI.csproj", "{77B1BA3F-4F26-4D21-9067-BA74738B0B5D}"
EndProject
Global
	GlobalSection(SolutionConfigurationPlatforms) = preSolution
		Debug|Any CPU = Debug|Any CPU
		Release|Any CPU = Release|Any CPU
	EndGlobalSection
	GlobalSection(NestedProjects) = preSolution
		{BA3D19EB-DDFD-4DB6-B60F-A110E22E9C48} = {9B29BD3F-7D94-4936-8379-61A2F48259AF}
		{670A20E9-B4BB-4EA2-A1A0-EC45463B3A01} = {9B29BD3F-7D94-4936-8379-61A2F48259AF}
		{F58743D4-2576-4354-8B59-89BCFF1154ED} = {9B29BD3F-7D94-4936-8379-61A2F48259AF}
		{B3AC9B52-96D7-4CBD-9873-8B427BB09BEB} = {01FE6776-E788-46B2-93E4-1CEDB01AA851}
		{9B29BD3F-7D94-4936-8379-61A2F48259AF} = {B5A8469D-C4BB-4808-8E44-FF4DFCA57BDE}
		{E43053F9-B7F9-4A57-B4B7-2E84C3179D0B} = {B5A8469D-C4BB-4808-8E44-FF4DFCA57BDE}
		{D347CCA4-0F31-415A-86EB-8C85C645AD22} = {B5A8469D-C4BB-4808-8E44-FF4DFCA57BDE}
		{E3EFB37C-E523-44D0-ADC9-DE1257A19125} = {B5A8469D-C4BB-4808-8E44-FF4DFCA57BDE}
		{C736B632-999C-475A-9556-36CF49E64A00} = {E3EFB37C-E523-44D0-ADC9-DE1257A19125}
		{F158690D-69C5-4502-A8CE-E462660BE35F} = {E3EFB37C-E523-44D0-ADC9-DE1257A19125}
		{C2B70735-480E-4B22-9DF1-8AFAC2C0F634} = {E3EFB37C-E523-44D0-ADC9-DE1257A19125}
		{D6FEBDE1-2FF2-4354-A500-692DD41FA1CA} = {9B29BD3F-7D94-4936-8379-61A2F48259AF}
		{AB5D5E44-4E90-48BA-BF15-1108C3950550} = {9B29BD3F-7D94-4936-8379-61A2F48259AF}
		{B36E4A0D-11B7-4F54-8E98-2A9D1C4E6F2E} = {B5A8469D-C4BB-4808-8E44-FF4DFCA57BDE}
		{60EEDA0D-791F-4195-BE7C-D1E04C66B4FC} = {B5A8469D-C4BB-4808-8E44-FF4DFCA57BDE}
		{073BAF33-E1DA-4285-B19B-F81887226006} = {A0720149-962C-4F9E-A128-9EF0846D5393}
		{63CC70C3-C71B-48EC-92D9-DA8E97889A53} = {073BAF33-E1DA-4285-B19B-F81887226006}
		{C6D39C0D-1558-447F-8BFB-88336B761CFB} = {073BAF33-E1DA-4285-B19B-F81887226006}
		{084B721B-4865-4450-8B32-05C38ABD9046} = {073BAF33-E1DA-4285-B19B-F81887226006}
		{2C2AE0A5-91A6-421A-9195-EE159F0CC529} = {073BAF33-E1DA-4285-B19B-F81887226006}
		{5737367C-543E-4392-AA13-CAC790A58B92} = {A0720149-962C-4F9E-A128-9EF0846D5393}
		{4EF8CCCE-DE45-40D0-875E-883561727B0D} = {5737367C-543E-4392-AA13-CAC790A58B92}
		{E50F731A-7BAB-4503-A970-A240AE9B8886} = {5737367C-543E-4392-AA13-CAC790A58B92}
		{A91817B3-C1CF-4E0F-896A-D177374FFF70} = {5737367C-543E-4392-AA13-CAC790A58B92}
		{77B1BA3F-4F26-4D21-9067-BA74738B0B5D} = {5737367C-543E-4392-AA13-CAC790A58B92}
	EndGlobalSection
	GlobalSection(ProjectConfigurationPlatforms) = postSolution
		{BA3D19EB-DDFD-4DB6-B60F-A110E22E9C48}.Debug|Any CPU.ActiveCfg = Debug|Any CPU
		{BA3D19EB-DDFD-4DB6-B60F-A110E22E9C48}.Debug|Any CPU.Build.0 = Debug|Any CPU
		{BA3D19EB-DDFD-4DB6-B60F-A110E22E9C48}.Release|Any CPU.ActiveCfg = Release|Any CPU
		{BA3D19EB-DDFD-4DB6-B60F-A110E22E9C48}.Release|Any CPU.Build.0 = Release|Any CPU
		{670A20E9-B4BB-4EA2-A1A0-EC45463B3A01}.Debug|Any CPU.ActiveCfg = Debug|Any CPU
		{670A20E9-B4BB-4EA2-A1A0-EC45463B3A01}.Debug|Any CPU.Build.0 = Debug|Any CPU
		{670A20E9-B4BB-4EA2-A1A0-EC45463B3A01}.Release|Any CPU.ActiveCfg = Release|Any CPU
		{670A20E9-B4BB-4EA2-A1A0-EC45463B3A01}.Release|Any CPU.Build.0 = Release|Any CPU
		{F58743D4-2576-4354-8B59-89BCFF1154ED}.Debug|Any CPU.ActiveCfg = Debug|Any CPU
		{F58743D4-2576-4354-8B59-89BCFF1154ED}.Debug|Any CPU.Build.0 = Debug|Any CPU
		{F58743D4-2576-4354-8B59-89BCFF1154ED}.Release|Any CPU.ActiveCfg = Release|Any CPU
		{F58743D4-2576-4354-8B59-89BCFF1154ED}.Release|Any CPU.Build.0 = Release|Any CPU
		{B3AC9B52-96D7-4CBD-9873-8B427BB09BEB}.Debug|Any CPU.ActiveCfg = Debug|Any CPU
		{B3AC9B52-96D7-4CBD-9873-8B427BB09BEB}.Debug|Any CPU.Build.0 = Debug|Any CPU
		{B3AC9B52-96D7-4CBD-9873-8B427BB09BEB}.Release|Any CPU.ActiveCfg = Release|Any CPU
		{B3AC9B52-96D7-4CBD-9873-8B427BB09BEB}.Release|Any CPU.Build.0 = Release|Any CPU
		{E43053F9-B7F9-4A57-B4B7-2E84C3179D0B}.Debug|Any CPU.ActiveCfg = Debug|Any CPU
		{E43053F9-B7F9-4A57-B4B7-2E84C3179D0B}.Debug|Any CPU.Build.0 = Debug|Any CPU
		{E43053F9-B7F9-4A57-B4B7-2E84C3179D0B}.Release|Any CPU.ActiveCfg = Release|Any CPU
		{E43053F9-B7F9-4A57-B4B7-2E84C3179D0B}.Release|Any CPU.Build.0 = Release|Any CPU
		{D347CCA4-0F31-415A-86EB-8C85C645AD22}.Debug|Any CPU.ActiveCfg = Debug|Any CPU
		{D347CCA4-0F31-415A-86EB-8C85C645AD22}.Debug|Any CPU.Build.0 = Debug|Any CPU
		{D347CCA4-0F31-415A-86EB-8C85C645AD22}.Release|Any CPU.ActiveCfg = Release|Any CPU
		{D347CCA4-0F31-415A-86EB-8C85C645AD22}.Release|Any CPU.Build.0 = Release|Any CPU
		{C736B632-999C-475A-9556-36CF49E64A00}.Debug|Any CPU.ActiveCfg = Debug|Any CPU
		{C736B632-999C-475A-9556-36CF49E64A00}.Debug|Any CPU.Build.0 = Debug|Any CPU
		{C736B632-999C-475A-9556-36CF49E64A00}.Release|Any CPU.ActiveCfg = Release|Any CPU
		{C736B632-999C-475A-9556-36CF49E64A00}.Release|Any CPU.Build.0 = Release|Any CPU
		{F158690D-69C5-4502-A8CE-E462660BE35F}.Debug|Any CPU.ActiveCfg = Debug|Any CPU
		{F158690D-69C5-4502-A8CE-E462660BE35F}.Debug|Any CPU.Build.0 = Debug|Any CPU
		{F158690D-69C5-4502-A8CE-E462660BE35F}.Release|Any CPU.ActiveCfg = Release|Any CPU
		{F158690D-69C5-4502-A8CE-E462660BE35F}.Release|Any CPU.Build.0 = Release|Any CPU
		{C2B70735-480E-4B22-9DF1-8AFAC2C0F634}.Debug|Any CPU.ActiveCfg = Debug|Any CPU
		{C2B70735-480E-4B22-9DF1-8AFAC2C0F634}.Debug|Any CPU.Build.0 = Debug|Any CPU
		{C2B70735-480E-4B22-9DF1-8AFAC2C0F634}.Release|Any CPU.ActiveCfg = Release|Any CPU
		{C2B70735-480E-4B22-9DF1-8AFAC2C0F634}.Release|Any CPU.Build.0 = Release|Any CPU
		{D6FEBDE1-2FF2-4354-A500-692DD41FA1CA}.Debug|Any CPU.ActiveCfg = Debug|Any CPU
		{D6FEBDE1-2FF2-4354-A500-692DD41FA1CA}.Debug|Any CPU.Build.0 = Debug|Any CPU
		{D6FEBDE1-2FF2-4354-A500-692DD41FA1CA}.Release|Any CPU.ActiveCfg = Release|Any CPU
		{D6FEBDE1-2FF2-4354-A500-692DD41FA1CA}.Release|Any CPU.Build.0 = Release|Any CPU
		{AB5D5E44-4E90-48BA-BF15-1108C3950550}.Debug|Any CPU.ActiveCfg = Debug|Any CPU
		{AB5D5E44-4E90-48BA-BF15-1108C3950550}.Debug|Any CPU.Build.0 = Debug|Any CPU
		{AB5D5E44-4E90-48BA-BF15-1108C3950550}.Release|Any CPU.ActiveCfg = Release|Any CPU
		{AB5D5E44-4E90-48BA-BF15-1108C3950550}.Release|Any CPU.Build.0 = Release|Any CPU
		{B36E4A0D-11B7-4F54-8E98-2A9D1C4E6F2E}.Debug|Any CPU.ActiveCfg = Debug|Any CPU
		{B36E4A0D-11B7-4F54-8E98-2A9D1C4E6F2E}.Debug|Any CPU.Build.0 = Debug|Any CPU
		{B36E4A0D-11B7-4F54-8E98-2A9D1C4E6F2E}.Release|Any CPU.ActiveCfg = Release|Any CPU
		{B36E4A0D-11B7-4F54-8E98-2A9D1C4E6F2E}.Release|Any CPU.Build.0 = Release|Any CPU
		{60EEDA0D-791F-4195-BE7C-D1E04C66B4FC}.Debug|Any CPU.ActiveCfg = Debug|Any CPU
		{60EEDA0D-791F-4195-BE7C-D1E04C66B4FC}.Debug|Any CPU.Build.0 = Debug|Any CPU
		{60EEDA0D-791F-4195-BE7C-D1E04C66B4FC}.Release|Any CPU.ActiveCfg = Release|Any CPU
		{60EEDA0D-791F-4195-BE7C-D1E04C66B4FC}.Release|Any CPU.Build.0 = Release|Any CPU
		{63CC70C3-C71B-48EC-92D9-DA8E97889A53}.Debug|Any CPU.ActiveCfg = Debug|Any CPU
		{63CC70C3-C71B-48EC-92D9-DA8E97889A53}.Debug|Any CPU.Build.0 = Debug|Any CPU
		{63CC70C3-C71B-48EC-92D9-DA8E97889A53}.Release|Any CPU.ActiveCfg = Release|Any CPU
		{63CC70C3-C71B-48EC-92D9-DA8E97889A53}.Release|Any CPU.Build.0 = Release|Any CPU
		{C6D39C0D-1558-447F-8BFB-88336B761CFB}.Debug|Any CPU.ActiveCfg = Debug|Any CPU
		{C6D39C0D-1558-447F-8BFB-88336B761CFB}.Debug|Any CPU.Build.0 = Debug|Any CPU
		{C6D39C0D-1558-447F-8BFB-88336B761CFB}.Release|Any CPU.ActiveCfg = Release|Any CPU
		{C6D39C0D-1558-447F-8BFB-88336B761CFB}.Release|Any CPU.Build.0 = Release|Any CPU
		{084B721B-4865-4450-8B32-05C38ABD9046}.Debug|Any CPU.ActiveCfg = Debug|Any CPU
		{084B721B-4865-4450-8B32-05C38ABD9046}.Debug|Any CPU.Build.0 = Debug|Any CPU
		{084B721B-4865-4450-8B32-05C38ABD9046}.Release|Any CPU.ActiveCfg = Release|Any CPU
		{084B721B-4865-4450-8B32-05C38ABD9046}.Release|Any CPU.Build.0 = Release|Any CPU
		{2C2AE0A5-91A6-421A-9195-EE159F0CC529}.Debug|Any CPU.ActiveCfg = Debug|Any CPU
		{2C2AE0A5-91A6-421A-9195-EE159F0CC529}.Debug|Any CPU.Build.0 = Debug|Any CPU
		{2C2AE0A5-91A6-421A-9195-EE159F0CC529}.Release|Any CPU.ActiveCfg = Release|Any CPU
		{2C2AE0A5-91A6-421A-9195-EE159F0CC529}.Release|Any CPU.Build.0 = Release|Any CPU
		{4EF8CCCE-DE45-40D0-875E-883561727B0D}.Debug|Any CPU.ActiveCfg = Debug|Any CPU
		{4EF8CCCE-DE45-40D0-875E-883561727B0D}.Debug|Any CPU.Build.0 = Debug|Any CPU
		{4EF8CCCE-DE45-40D0-875E-883561727B0D}.Release|Any CPU.ActiveCfg = Release|Any CPU
		{4EF8CCCE-DE45-40D0-875E-883561727B0D}.Release|Any CPU.Build.0 = Release|Any CPU
		{E50F731A-7BAB-4503-A970-A240AE9B8886}.Debug|Any CPU.ActiveCfg = Debug|Any CPU
		{E50F731A-7BAB-4503-A970-A240AE9B8886}.Debug|Any CPU.Build.0 = Debug|Any CPU
		{E50F731A-7BAB-4503-A970-A240AE9B8886}.Release|Any CPU.ActiveCfg = Release|Any CPU
		{E50F731A-7BAB-4503-A970-A240AE9B8886}.Release|Any CPU.Build.0 = Release|Any CPU
		{A91817B3-C1CF-4E0F-896A-D177374FFF70}.Debug|Any CPU.ActiveCfg = Debug|Any CPU
		{A91817B3-C1CF-4E0F-896A-D177374FFF70}.Debug|Any CPU.Build.0 = Debug|Any CPU
		{A91817B3-C1CF-4E0F-896A-D177374FFF70}.Release|Any CPU.ActiveCfg = Release|Any CPU
		{A91817B3-C1CF-4E0F-896A-D177374FFF70}.Release|Any CPU.Build.0 = Release|Any CPU
		{77B1BA3F-4F26-4D21-9067-BA74738B0B5D}.Debug|Any CPU.ActiveCfg = Debug|Any CPU
		{77B1BA3F-4F26-4D21-9067-BA74738B0B5D}.Debug|Any CPU.Build.0 = Debug|Any CPU
		{77B1BA3F-4F26-4D21-9067-BA74738B0B5D}.Release|Any CPU.ActiveCfg = Release|Any CPU
		{77B1BA3F-4F26-4D21-9067-BA74738B0B5D}.Release|Any CPU.Build.0 = Release|Any CPU
	EndGlobalSection
EndGlobal
