
Microsoft Visual Studio Solution File, Format Version 12.00
Project("{2150E333-8FDC-42A3-9474-1A3956D46DE8}") = "docs", "docs", "{01FE6776-E788-46B2-93E4-1CEDB01AA851}"
	ProjectSection(SolutionItems) = preProject
		docs\index.md = docs\index.md
		docs\rpc-benchmark.md = docs\rpc-benchmark.md
	EndProjectSection
EndProject
Project("{2150E333-8FDC-42A3-9474-1A3956D46DE8}") = "src", "src", "{B5A8469D-C4BB-4808-8E44-FF4DFCA57BDE}"
	ProjectSection(SolutionItems) = preProject
		src\Directory.Build.props = src\Directory.Build.props
	EndProjectSection
EndProject
Project("{FAE04EC0-301F-11D3-BF4B-00C04F79EFBC}") = "Tutorial", "docs\tutorial\Tutorial.csproj", "{B3AC9B52-96D7-4CBD-9873-8B427BB09BEB}"
EndProject
Project("{2150E333-8FDC-42A3-9474-1A3956D46DE8}") = "Blazor", "Blazor", "{9B29BD3F-7D94-4936-8379-61A2F48259AF}"
EndProject
Project("{FAE04EC0-301F-11D3-BF4B-00C04F79EFBC}") = "Abstractions", "src\Blazor\Abstractions\Abstractions.csproj", "{BA3D19EB-DDFD-4DB6-B60F-A110E22E9C48}"
EndProject
Project("{FAE04EC0-301F-11D3-BF4B-00C04F79EFBC}") = "UI", "src\Blazor\UI\UI.csproj", "{670A20E9-B4BB-4EA2-A1A0-EC45463B3A01}"
EndProject
Project("{FAE04EC0-301F-11D3-BF4B-00C04F79EFBC}") = "Server", "src\Blazor\Server\Server.csproj", "{F58743D4-2576-4354-8B59-89BCFF1154ED}"
EndProject
Project("{FAE04EC0-301F-11D3-BF4B-00C04F79EFBC}") = "HelloWorld", "src\HelloWorld\HelloWorld.csproj", "{E43053F9-B7F9-4A57-B4B7-2E84C3179D0B}"
EndProject
Project("{FAE04EC0-301F-11D3-BF4B-00C04F79EFBC}") = "HelloBlazorServer", "src\HelloBlazorServer\HelloBlazorServer.csproj", "{D347CCA4-0F31-415A-86EB-8C85C645AD22}"
EndProject
Project("{FAE04EC0-301F-11D3-BF4B-00C04F79EFBC}") = "ConsoleClient", "src\Blazor\ConsoleClient\ConsoleClient.csproj", "{AB5D5E44-4E90-48BA-BF15-1108C3950550}"
EndProject
Project("{FAE04EC0-301F-11D3-BF4B-00C04F79EFBC}") = "HelloCart", "src\HelloCart\HelloCart.csproj", "{B36E4A0D-11B7-4F54-8E98-2A9D1C4E6F2E}"
EndProject
Project("{FAE04EC0-301F-11D3-BF4B-00C04F79EFBC}") = "HelloCommandR", "src\HelloCommandR\HelloCommandR.csproj", "{60EEDA0D-791F-4195-BE7C-D1E04C66B4FC}"
EndProject
Project("{2150E333-8FDC-42A3-9474-1A3956D46DE8}") = "templates", "templates", "{A0720149-962C-4F9E-A128-9EF0846D5393}"
EndProject
Project("{2150E333-8FDC-42A3-9474-1A3956D46DE8}") = "TodoApp", "TodoApp", "{073BAF33-E1DA-4285-B19B-F81887226006}"
	ProjectSection(SolutionItems) = preProject
		templates\TodoApp\Directory.Build.props = templates\TodoApp\Directory.Build.props
	EndProjectSection
EndProject
Project("{2150E333-8FDC-42A3-9474-1A3956D46DE8}") = "HelloBlazorHybrid", "HelloBlazorHybrid", "{ABFD1214-E544-44FC-A46E-7EE97AB1C20C}"
EndProject
Project("{FAE04EC0-301F-11D3-BF4B-00C04F79EFBC}") = "Abstractions", "src\HelloBlazorHybrid\Abstractions\Abstractions.csproj", "{0EFA7CF1-FD3A-4702-AA75-64F7F467F78C}"
EndProject
Project("{FAE04EC0-301F-11D3-BF4B-00C04F79EFBC}") = "Server", "src\HelloBlazorHybrid\Server\Server.csproj", "{2D95C767-6588-4C52-837F-1CF93B31A044}"
EndProject
Project("{FAE04EC0-301F-11D3-BF4B-00C04F79EFBC}") = "Services", "src\HelloBlazorHybrid\Services\Services.csproj", "{44201561-23E0-4F3D-8672-7DDB9F713343}"
EndProject
Project("{FAE04EC0-301F-11D3-BF4B-00C04F79EFBC}") = "UI", "src\HelloBlazorHybrid\UI\UI.csproj", "{E315EAF4-CB2E-45E3-B2BC-B441496D00EE}"
EndProject
Project("{FAE04EC0-301F-11D3-BF4B-00C04F79EFBC}") = "Abstractions", "templates\TodoApp\Abstractions\Abstractions.csproj", "{CD93D545-2A82-4516-97D4-8199E8CB1F08}"
EndProject
Project("{FAE04EC0-301F-11D3-BF4B-00C04F79EFBC}") = "Host", "templates\TodoApp\Host\Host.csproj", "{B46D36D6-55D6-415D-96C6-09ED35F2F81B}"
EndProject
Project("{FAE04EC0-301F-11D3-BF4B-00C04F79EFBC}") = "Services", "templates\TodoApp\Services\Services.csproj", "{98DCD971-C0DF-431F-835C-E5D0DF687EED}"
EndProject
Project("{FAE04EC0-301F-11D3-BF4B-00C04F79EFBC}") = "UI", "templates\TodoApp\UI\UI.csproj", "{E588BED4-BCB1-42EB-919C-86BEE9B65DEF}"
EndProject
Project("{FAE04EC0-301F-11D3-BF4B-00C04F79EFBC}") = "ConsoleClient", "templates\TodoApp\ConsoleClient\ConsoleClient.csproj", "{737D73AF-F2FE-4C46-A99A-F7B3A884BAD4}"
EndProject
Project("{FAE04EC0-301F-11D3-BF4B-00C04F79EFBC}") = "MiniRpc", "src\MiniRpc\MiniRpc.csproj", "{4CA57D31-BF65-4FCC-9016-BB1450DC20CA}"
EndProject
Project("{FAE04EC0-301F-11D3-BF4B-00C04F79EFBC}") = "MultiServerRpc", "src\MultiServerRpc\MultiServerRpc.csproj", "{92FD3B88-65AC-4CB0-B64A-F256C924B7BF}"
EndProject
Project("{FAE04EC0-301F-11D3-BF4B-00C04F79EFBC}") = "Benchmark", "src\Benchmark\Benchmark.csproj", "{34E53097-8E8B-4603-88B8-DE5C5326E503}"
EndProject
Project("{FAE04EC0-301F-11D3-BF4B-00C04F79EFBC}") = "RpcBenchmark", "src\RpcBenchmark\RpcBenchmark.csproj", "{B2016757-336F-48BB-8388-04B25EE838D2}"
EndProject
Project("{2150E333-8FDC-42A3-9474-1A3956D46DE8}") = "_", "_", "{ED07515D-6CBC-467C-9F84-831DB897A888}"
	ProjectSection(SolutionItems) = preProject
		docker-compose.yml = docker-compose.yml
		Dockerfile = Dockerfile
		README.md = README.md
	EndProjectSection
EndProject
Project("{FAE04EC0-301F-11D3-BF4B-00C04F79EFBC}") = "Stl.Benchmarking", "src\Stl.Benchmarking\Stl.Benchmarking.csproj", "{EFD00978-099C-4F82-A411-AE27C7DB1A29}"
EndProject
Project("{FAE04EC0-301F-11D3-BF4B-00C04F79EFBC}") = "HelloRpc", "src\HelloRpc\HelloRpc.csproj", "{FAD9ABF0-290F-4FD3-9A0B-B12B69764F00}"
EndProject
Global
	GlobalSection(SolutionConfigurationPlatforms) = preSolution
		Debug|Any CPU = Debug|Any CPU
		Release|Any CPU = Release|Any CPU
	EndGlobalSection
	GlobalSection(NestedProjects) = preSolution
		{BA3D19EB-DDFD-4DB6-B60F-A110E22E9C48} = {9B29BD3F-7D94-4936-8379-61A2F48259AF}
		{670A20E9-B4BB-4EA2-A1A0-EC45463B3A01} = {9B29BD3F-7D94-4936-8379-61A2F48259AF}
		{F58743D4-2576-4354-8B59-89BCFF1154ED} = {9B29BD3F-7D94-4936-8379-61A2F48259AF}
		{B3AC9B52-96D7-4CBD-9873-8B427BB09BEB} = {01FE6776-E788-46B2-93E4-1CEDB01AA851}
		{9B29BD3F-7D94-4936-8379-61A2F48259AF} = {B5A8469D-C4BB-4808-8E44-FF4DFCA57BDE}
		{E43053F9-B7F9-4A57-B4B7-2E84C3179D0B} = {B5A8469D-C4BB-4808-8E44-FF4DFCA57BDE}
		{D347CCA4-0F31-415A-86EB-8C85C645AD22} = {B5A8469D-C4BB-4808-8E44-FF4DFCA57BDE}
		{AB5D5E44-4E90-48BA-BF15-1108C3950550} = {9B29BD3F-7D94-4936-8379-61A2F48259AF}
		{B36E4A0D-11B7-4F54-8E98-2A9D1C4E6F2E} = {B5A8469D-C4BB-4808-8E44-FF4DFCA57BDE}
		{60EEDA0D-791F-4195-BE7C-D1E04C66B4FC} = {B5A8469D-C4BB-4808-8E44-FF4DFCA57BDE}
		{073BAF33-E1DA-4285-B19B-F81887226006} = {A0720149-962C-4F9E-A128-9EF0846D5393}
		{ABFD1214-E544-44FC-A46E-7EE97AB1C20C} = {B5A8469D-C4BB-4808-8E44-FF4DFCA57BDE}
		{0EFA7CF1-FD3A-4702-AA75-64F7F467F78C} = {ABFD1214-E544-44FC-A46E-7EE97AB1C20C}
		{2D95C767-6588-4C52-837F-1CF93B31A044} = {ABFD1214-E544-44FC-A46E-7EE97AB1C20C}
		{44201561-23E0-4F3D-8672-7DDB9F713343} = {ABFD1214-E544-44FC-A46E-7EE97AB1C20C}
		{E315EAF4-CB2E-45E3-B2BC-B441496D00EE} = {ABFD1214-E544-44FC-A46E-7EE97AB1C20C}
		{CD93D545-2A82-4516-97D4-8199E8CB1F08} = {073BAF33-E1DA-4285-B19B-F81887226006}
		{B46D36D6-55D6-415D-96C6-09ED35F2F81B} = {073BAF33-E1DA-4285-B19B-F81887226006}
		{98DCD971-C0DF-431F-835C-E5D0DF687EED} = {073BAF33-E1DA-4285-B19B-F81887226006}
		{E588BED4-BCB1-42EB-919C-86BEE9B65DEF} = {073BAF33-E1DA-4285-B19B-F81887226006}
		{737D73AF-F2FE-4C46-A99A-F7B3A884BAD4} = {073BAF33-E1DA-4285-B19B-F81887226006}
		{4CA57D31-BF65-4FCC-9016-BB1450DC20CA} = {B5A8469D-C4BB-4808-8E44-FF4DFCA57BDE}
		{92FD3B88-65AC-4CB0-B64A-F256C924B7BF} = {B5A8469D-C4BB-4808-8E44-FF4DFCA57BDE}
		{34E53097-8E8B-4603-88B8-DE5C5326E503} = {B5A8469D-C4BB-4808-8E44-FF4DFCA57BDE}
		{B2016757-336F-48BB-8388-04B25EE838D2} = {B5A8469D-C4BB-4808-8E44-FF4DFCA57BDE}
		{EFD00978-099C-4F82-A411-AE27C7DB1A29} = {B5A8469D-C4BB-4808-8E44-FF4DFCA57BDE}
		{FAD9ABF0-290F-4FD3-9A0B-B12B69764F00} = {B5A8469D-C4BB-4808-8E44-FF4DFCA57BDE}
	EndGlobalSection
	GlobalSection(ProjectConfigurationPlatforms) = postSolution
		{BA3D19EB-DDFD-4DB6-B60F-A110E22E9C48}.Debug|Any CPU.ActiveCfg = Debug|Any CPU
		{BA3D19EB-DDFD-4DB6-B60F-A110E22E9C48}.Debug|Any CPU.Build.0 = Debug|Any CPU
		{BA3D19EB-DDFD-4DB6-B60F-A110E22E9C48}.Release|Any CPU.ActiveCfg = Release|Any CPU
		{BA3D19EB-DDFD-4DB6-B60F-A110E22E9C48}.Release|Any CPU.Build.0 = Release|Any CPU
		{670A20E9-B4BB-4EA2-A1A0-EC45463B3A01}.Debug|Any CPU.ActiveCfg = Debug|Any CPU
		{670A20E9-B4BB-4EA2-A1A0-EC45463B3A01}.Debug|Any CPU.Build.0 = Debug|Any CPU
		{670A20E9-B4BB-4EA2-A1A0-EC45463B3A01}.Release|Any CPU.ActiveCfg = Release|Any CPU
		{670A20E9-B4BB-4EA2-A1A0-EC45463B3A01}.Release|Any CPU.Build.0 = Release|Any CPU
		{F58743D4-2576-4354-8B59-89BCFF1154ED}.Debug|Any CPU.ActiveCfg = Debug|Any CPU
		{F58743D4-2576-4354-8B59-89BCFF1154ED}.Debug|Any CPU.Build.0 = Debug|Any CPU
		{F58743D4-2576-4354-8B59-89BCFF1154ED}.Release|Any CPU.ActiveCfg = Release|Any CPU
		{F58743D4-2576-4354-8B59-89BCFF1154ED}.Release|Any CPU.Build.0 = Release|Any CPU
		{B3AC9B52-96D7-4CBD-9873-8B427BB09BEB}.Debug|Any CPU.ActiveCfg = Debug|Any CPU
		{B3AC9B52-96D7-4CBD-9873-8B427BB09BEB}.Debug|Any CPU.Build.0 = Debug|Any CPU
		{B3AC9B52-96D7-4CBD-9873-8B427BB09BEB}.Release|Any CPU.ActiveCfg = Release|Any CPU
		{B3AC9B52-96D7-4CBD-9873-8B427BB09BEB}.Release|Any CPU.Build.0 = Release|Any CPU
		{E43053F9-B7F9-4A57-B4B7-2E84C3179D0B}.Debug|Any CPU.ActiveCfg = Debug|Any CPU
		{E43053F9-B7F9-4A57-B4B7-2E84C3179D0B}.Debug|Any CPU.Build.0 = Debug|Any CPU
		{E43053F9-B7F9-4A57-B4B7-2E84C3179D0B}.Release|Any CPU.ActiveCfg = Release|Any CPU
		{E43053F9-B7F9-4A57-B4B7-2E84C3179D0B}.Release|Any CPU.Build.0 = Release|Any CPU
		{D347CCA4-0F31-415A-86EB-8C85C645AD22}.Debug|Any CPU.ActiveCfg = Debug|Any CPU
		{D347CCA4-0F31-415A-86EB-8C85C645AD22}.Debug|Any CPU.Build.0 = Debug|Any CPU
		{D347CCA4-0F31-415A-86EB-8C85C645AD22}.Release|Any CPU.ActiveCfg = Release|Any CPU
		{D347CCA4-0F31-415A-86EB-8C85C645AD22}.Release|Any CPU.Build.0 = Release|Any CPU
		{AB5D5E44-4E90-48BA-BF15-1108C3950550}.Debug|Any CPU.ActiveCfg = Debug|Any CPU
		{AB5D5E44-4E90-48BA-BF15-1108C3950550}.Debug|Any CPU.Build.0 = Debug|Any CPU
		{AB5D5E44-4E90-48BA-BF15-1108C3950550}.Release|Any CPU.ActiveCfg = Release|Any CPU
		{AB5D5E44-4E90-48BA-BF15-1108C3950550}.Release|Any CPU.Build.0 = Release|Any CPU
		{B36E4A0D-11B7-4F54-8E98-2A9D1C4E6F2E}.Debug|Any CPU.ActiveCfg = Debug|Any CPU
		{B36E4A0D-11B7-4F54-8E98-2A9D1C4E6F2E}.Debug|Any CPU.Build.0 = Debug|Any CPU
		{B36E4A0D-11B7-4F54-8E98-2A9D1C4E6F2E}.Release|Any CPU.ActiveCfg = Release|Any CPU
		{B36E4A0D-11B7-4F54-8E98-2A9D1C4E6F2E}.Release|Any CPU.Build.0 = Release|Any CPU
		{60EEDA0D-791F-4195-BE7C-D1E04C66B4FC}.Debug|Any CPU.ActiveCfg = Debug|Any CPU
		{60EEDA0D-791F-4195-BE7C-D1E04C66B4FC}.Debug|Any CPU.Build.0 = Debug|Any CPU
		{60EEDA0D-791F-4195-BE7C-D1E04C66B4FC}.Release|Any CPU.ActiveCfg = Release|Any CPU
		{60EEDA0D-791F-4195-BE7C-D1E04C66B4FC}.Release|Any CPU.Build.0 = Release|Any CPU
		{0EFA7CF1-FD3A-4702-AA75-64F7F467F78C}.Debug|Any CPU.ActiveCfg = Debug|Any CPU
		{0EFA7CF1-FD3A-4702-AA75-64F7F467F78C}.Debug|Any CPU.Build.0 = Debug|Any CPU
		{0EFA7CF1-FD3A-4702-AA75-64F7F467F78C}.Release|Any CPU.ActiveCfg = Release|Any CPU
		{0EFA7CF1-FD3A-4702-AA75-64F7F467F78C}.Release|Any CPU.Build.0 = Release|Any CPU
		{2D95C767-6588-4C52-837F-1CF93B31A044}.Debug|Any CPU.ActiveCfg = Debug|Any CPU
		{2D95C767-6588-4C52-837F-1CF93B31A044}.Debug|Any CPU.Build.0 = Debug|Any CPU
		{2D95C767-6588-4C52-837F-1CF93B31A044}.Release|Any CPU.ActiveCfg = Release|Any CPU
		{2D95C767-6588-4C52-837F-1CF93B31A044}.Release|Any CPU.Build.0 = Release|Any CPU
		{44201561-23E0-4F3D-8672-7DDB9F713343}.Debug|Any CPU.ActiveCfg = Debug|Any CPU
		{44201561-23E0-4F3D-8672-7DDB9F713343}.Debug|Any CPU.Build.0 = Debug|Any CPU
		{44201561-23E0-4F3D-8672-7DDB9F713343}.Release|Any CPU.ActiveCfg = Release|Any CPU
		{44201561-23E0-4F3D-8672-7DDB9F713343}.Release|Any CPU.Build.0 = Release|Any CPU
		{E315EAF4-CB2E-45E3-B2BC-B441496D00EE}.Debug|Any CPU.ActiveCfg = Debug|Any CPU
		{E315EAF4-CB2E-45E3-B2BC-B441496D00EE}.Debug|Any CPU.Build.0 = Debug|Any CPU
		{E315EAF4-CB2E-45E3-B2BC-B441496D00EE}.Release|Any CPU.ActiveCfg = Release|Any CPU
		{E315EAF4-CB2E-45E3-B2BC-B441496D00EE}.Release|Any CPU.Build.0 = Release|Any CPU
		{CD93D545-2A82-4516-97D4-8199E8CB1F08}.Debug|Any CPU.ActiveCfg = Debug|Any CPU
		{CD93D545-2A82-4516-97D4-8199E8CB1F08}.Debug|Any CPU.Build.0 = Debug|Any CPU
		{CD93D545-2A82-4516-97D4-8199E8CB1F08}.Release|Any CPU.ActiveCfg = Release|Any CPU
		{CD93D545-2A82-4516-97D4-8199E8CB1F08}.Release|Any CPU.Build.0 = Release|Any CPU
		{B46D36D6-55D6-415D-96C6-09ED35F2F81B}.Debug|Any CPU.ActiveCfg = Debug|Any CPU
		{B46D36D6-55D6-415D-96C6-09ED35F2F81B}.Debug|Any CPU.Build.0 = Debug|Any CPU
		{B46D36D6-55D6-415D-96C6-09ED35F2F81B}.Release|Any CPU.ActiveCfg = Release|Any CPU
		{B46D36D6-55D6-415D-96C6-09ED35F2F81B}.Release|Any CPU.Build.0 = Release|Any CPU
		{98DCD971-C0DF-431F-835C-E5D0DF687EED}.Debug|Any CPU.ActiveCfg = Debug|Any CPU
		{98DCD971-C0DF-431F-835C-E5D0DF687EED}.Debug|Any CPU.Build.0 = Debug|Any CPU
		{98DCD971-C0DF-431F-835C-E5D0DF687EED}.Release|Any CPU.ActiveCfg = Release|Any CPU
		{98DCD971-C0DF-431F-835C-E5D0DF687EED}.Release|Any CPU.Build.0 = Release|Any CPU
		{E588BED4-BCB1-42EB-919C-86BEE9B65DEF}.Debug|Any CPU.ActiveCfg = Debug|Any CPU
		{E588BED4-BCB1-42EB-919C-86BEE9B65DEF}.Debug|Any CPU.Build.0 = Debug|Any CPU
		{E588BED4-BCB1-42EB-919C-86BEE9B65DEF}.Release|Any CPU.ActiveCfg = Release|Any CPU
		{E588BED4-BCB1-42EB-919C-86BEE9B65DEF}.Release|Any CPU.Build.0 = Release|Any CPU
		{737D73AF-F2FE-4C46-A99A-F7B3A884BAD4}.Debug|Any CPU.ActiveCfg = Debug|Any CPU
		{737D73AF-F2FE-4C46-A99A-F7B3A884BAD4}.Debug|Any CPU.Build.0 = Debug|Any CPU
		{737D73AF-F2FE-4C46-A99A-F7B3A884BAD4}.Release|Any CPU.ActiveCfg = Release|Any CPU
		{737D73AF-F2FE-4C46-A99A-F7B3A884BAD4}.Release|Any CPU.Build.0 = Release|Any CPU
		{4CA57D31-BF65-4FCC-9016-BB1450DC20CA}.Debug|Any CPU.ActiveCfg = Debug|Any CPU
		{4CA57D31-BF65-4FCC-9016-BB1450DC20CA}.Debug|Any CPU.Build.0 = Debug|Any CPU
		{4CA57D31-BF65-4FCC-9016-BB1450DC20CA}.Release|Any CPU.ActiveCfg = Release|Any CPU
		{4CA57D31-BF65-4FCC-9016-BB1450DC20CA}.Release|Any CPU.Build.0 = Release|Any CPU
		{92FD3B88-65AC-4CB0-B64A-F256C924B7BF}.Debug|Any CPU.ActiveCfg = Debug|Any CPU
		{92FD3B88-65AC-4CB0-B64A-F256C924B7BF}.Debug|Any CPU.Build.0 = Debug|Any CPU
		{92FD3B88-65AC-4CB0-B64A-F256C924B7BF}.Release|Any CPU.ActiveCfg = Release|Any CPU
		{92FD3B88-65AC-4CB0-B64A-F256C924B7BF}.Release|Any CPU.Build.0 = Release|Any CPU
		{34E53097-8E8B-4603-88B8-DE5C5326E503}.Debug|Any CPU.ActiveCfg = Debug|Any CPU
		{34E53097-8E8B-4603-88B8-DE5C5326E503}.Debug|Any CPU.Build.0 = Debug|Any CPU
		{34E53097-8E8B-4603-88B8-DE5C5326E503}.Release|Any CPU.ActiveCfg = Release|Any CPU
		{34E53097-8E8B-4603-88B8-DE5C5326E503}.Release|Any CPU.Build.0 = Release|Any CPU
		{B2016757-336F-48BB-8388-04B25EE838D2}.Debug|Any CPU.ActiveCfg = Debug|Any CPU
		{B2016757-336F-48BB-8388-04B25EE838D2}.Debug|Any CPU.Build.0 = Debug|Any CPU
		{B2016757-336F-48BB-8388-04B25EE838D2}.Release|Any CPU.ActiveCfg = Release|Any CPU
		{B2016757-336F-48BB-8388-04B25EE838D2}.Release|Any CPU.Build.0 = Release|Any CPU
		{EFD00978-099C-4F82-A411-AE27C7DB1A29}.Debug|Any CPU.ActiveCfg = Debug|Any CPU
		{EFD00978-099C-4F82-A411-AE27C7DB1A29}.Debug|Any CPU.Build.0 = Debug|Any CPU
		{EFD00978-099C-4F82-A411-AE27C7DB1A29}.Release|Any CPU.ActiveCfg = Release|Any CPU
		{EFD00978-099C-4F82-A411-AE27C7DB1A29}.Release|Any CPU.Build.0 = Release|Any CPU
		{FAD9ABF0-290F-4FD3-9A0B-B12B69764F00}.Debug|Any CPU.ActiveCfg = Debug|Any CPU
		{FAD9ABF0-290F-4FD3-9A0B-B12B69764F00}.Debug|Any CPU.Build.0 = Debug|Any CPU
		{FAD9ABF0-290F-4FD3-9A0B-B12B69764F00}.Release|Any CPU.ActiveCfg = Release|Any CPU
		{FAD9ABF0-290F-4FD3-9A0B-B12B69764F00}.Release|Any CPU.Build.0 = Release|Any CPU
	EndGlobalSection
EndGlobal
