
Microsoft Visual Studio Solution File, Format Version 12.00
# Visual Studio 15
VisualStudioVersion = 15.0.26124.0
MinimumVisualStudioVersion = 15.0.26124.0
Project("{FAE04EC0-301F-11D3-BF4B-00C04F79EFBC}") = "Server", "Blazor\Server\Server.csproj", "{56D575A0-790F-43FF-ADFE-8E6A962F3DEA}"
EndProject
Project("{FAE04EC0-301F-11D3-BF4B-00C04F79EFBC}") = "Common", "Blazor\Common\Common.csproj", "{67529070-4C77-4395-B626-1E09503DD7C7}"
EndProject
Project("{FAE04EC0-301F-11D3-BF4B-00C04F79EFBC}") = "Client", "Blazor\Client\Client.csproj", "{3A036A89-6309-4D5E-BA37-A51CB4F29409}"
EndProject
Project("{2150E333-8FDC-42A3-9474-1A3956D46DE8}") = "Blazor", "Blazor", "{2C83F338-3CA5-4401-B7DF-25C853C6D92B}"
EndProject
Project("{2150E333-8FDC-42A3-9474-1A3956D46DE8}") = "Blazorize", "Blazorize", "{187E917C-9456-4B4E-A3F0-D22635578994}"
EndProject
Project("{FAE04EC0-301F-11D3-BF4B-00C04F79EFBC}") = "Abstractions", "..\..\Blazorize\src\Abstractions\Abstractions.csproj", "{E1E96CD0-F148-4E64-B186-B50BDBF66FF1}"
EndProject
Project("{FAE04EC0-301F-11D3-BF4B-00C04F79EFBC}") = "Host", "..\..\Blazorize\src\Host\Host.csproj", "{532102DA-832E-4830-B820-3A2AB5D12F5A}"
EndProject
Project("{FAE04EC0-301F-11D3-BF4B-00C04F79EFBC}") = "Services", "..\..\Blazorize\src\Services\Services.csproj", "{6A381CF3-8AE9-48E2-BDD1-4536D50C9EB7}"
EndProject
Project("{FAE04EC0-301F-11D3-BF4B-00C04F79EFBC}") = "UI", "..\..\Blazorize\src\UI\UI.csproj", "{D0CE9004-76C0-4B7F-8357-72A5974B9F85}"
EndProject
Global
	GlobalSection(SolutionConfigurationPlatforms) = preSolution
		Debug|Any CPU = Debug|Any CPU
		Debug|x64 = Debug|x64
		Debug|x86 = Debug|x86
		Release|Any CPU = Release|Any CPU
		Release|x64 = Release|x64
		Release|x86 = Release|x86
	EndGlobalSection
	GlobalSection(SolutionProperties) = preSolution
		HideSolutionNode = FALSE
	EndGlobalSection
	GlobalSection(ProjectConfigurationPlatforms) = postSolution
		{56D575A0-790F-43FF-ADFE-8E6A962F3DEA}.Debug|Any CPU.ActiveCfg = Debug|Any CPU
		{56D575A0-790F-43FF-ADFE-8E6A962F3DEA}.Debug|Any CPU.Build.0 = Debug|Any CPU
		{56D575A0-790F-43FF-ADFE-8E6A962F3DEA}.Debug|x64.ActiveCfg = Debug|Any CPU
		{56D575A0-790F-43FF-ADFE-8E6A962F3DEA}.Debug|x64.Build.0 = Debug|Any CPU
		{56D575A0-790F-43FF-ADFE-8E6A962F3DEA}.Debug|x86.ActiveCfg = Debug|Any CPU
		{56D575A0-790F-43FF-ADFE-8E6A962F3DEA}.Debug|x86.Build.0 = Debug|Any CPU
		{56D575A0-790F-43FF-ADFE-8E6A962F3DEA}.Release|Any CPU.ActiveCfg = Release|Any CPU
		{56D575A0-790F-43FF-ADFE-8E6A962F3DEA}.Release|Any CPU.Build.0 = Release|Any CPU
		{56D575A0-790F-43FF-ADFE-8E6A962F3DEA}.Release|x64.ActiveCfg = Release|Any CPU
		{56D575A0-790F-43FF-ADFE-8E6A962F3DEA}.Release|x64.Build.0 = Release|Any CPU
		{56D575A0-790F-43FF-ADFE-8E6A962F3DEA}.Release|x86.ActiveCfg = Release|Any CPU
		{56D575A0-790F-43FF-ADFE-8E6A962F3DEA}.Release|x86.Build.0 = Release|Any CPU
		{67529070-4C77-4395-B626-1E09503DD7C7}.Debug|Any CPU.ActiveCfg = Debug|Any CPU
		{67529070-4C77-4395-B626-1E09503DD7C7}.Debug|Any CPU.Build.0 = Debug|Any CPU
		{67529070-4C77-4395-B626-1E09503DD7C7}.Debug|x64.ActiveCfg = Debug|Any CPU
		{67529070-4C77-4395-B626-1E09503DD7C7}.Debug|x64.Build.0 = Debug|Any CPU
		{67529070-4C77-4395-B626-1E09503DD7C7}.Debug|x86.ActiveCfg = Debug|Any CPU
		{67529070-4C77-4395-B626-1E09503DD7C7}.Debug|x86.Build.0 = Debug|Any CPU
		{67529070-4C77-4395-B626-1E09503DD7C7}.Release|Any CPU.ActiveCfg = Release|Any CPU
		{67529070-4C77-4395-B626-1E09503DD7C7}.Release|Any CPU.Build.0 = Release|Any CPU
		{67529070-4C77-4395-B626-1E09503DD7C7}.Release|x64.ActiveCfg = Release|Any CPU
		{67529070-4C77-4395-B626-1E09503DD7C7}.Release|x64.Build.0 = Release|Any CPU
		{67529070-4C77-4395-B626-1E09503DD7C7}.Release|x86.ActiveCfg = Release|Any CPU
		{67529070-4C77-4395-B626-1E09503DD7C7}.Release|x86.Build.0 = Release|Any CPU
		{3A036A89-6309-4D5E-BA37-A51CB4F29409}.Debug|Any CPU.ActiveCfg = Debug|Any CPU
		{3A036A89-6309-4D5E-BA37-A51CB4F29409}.Debug|Any CPU.Build.0 = Debug|Any CPU
		{3A036A89-6309-4D5E-BA37-A51CB4F29409}.Debug|x64.ActiveCfg = Debug|Any CPU
		{3A036A89-6309-4D5E-BA37-A51CB4F29409}.Debug|x64.Build.0 = Debug|Any CPU
		{3A036A89-6309-4D5E-BA37-A51CB4F29409}.Debug|x86.ActiveCfg = Debug|Any CPU
		{3A036A89-6309-4D5E-BA37-A51CB4F29409}.Debug|x86.Build.0 = Debug|Any CPU
		{3A036A89-6309-4D5E-BA37-A51CB4F29409}.Release|Any CPU.ActiveCfg = Release|Any CPU
		{3A036A89-6309-4D5E-BA37-A51CB4F29409}.Release|Any CPU.Build.0 = Release|Any CPU
		{3A036A89-6309-4D5E-BA37-A51CB4F29409}.Release|x64.ActiveCfg = Release|Any CPU
		{3A036A89-6309-4D5E-BA37-A51CB4F29409}.Release|x64.Build.0 = Release|Any CPU
		{3A036A89-6309-4D5E-BA37-A51CB4F29409}.Release|x86.ActiveCfg = Release|Any CPU
		{3A036A89-6309-4D5E-BA37-A51CB4F29409}.Release|x86.Build.0 = Release|Any CPU
		{532102DA-832E-4830-B820-3A2AB5D12F5A}.Debug|Any CPU.ActiveCfg = Debug|Any CPU
		{532102DA-832E-4830-B820-3A2AB5D12F5A}.Debug|Any CPU.Build.0 = Debug|Any CPU
		{532102DA-832E-4830-B820-3A2AB5D12F5A}.Debug|x64.ActiveCfg = Debug|Any CPU
		{532102DA-832E-4830-B820-3A2AB5D12F5A}.Debug|x64.Build.0 = Debug|Any CPU
		{532102DA-832E-4830-B820-3A2AB5D12F5A}.Debug|x86.ActiveCfg = Debug|Any CPU
		{532102DA-832E-4830-B820-3A2AB5D12F5A}.Debug|x86.Build.0 = Debug|Any CPU
		{532102DA-832E-4830-B820-3A2AB5D12F5A}.Release|Any CPU.ActiveCfg = Release|Any CPU
		{532102DA-832E-4830-B820-3A2AB5D12F5A}.Release|Any CPU.Build.0 = Release|Any CPU
		{532102DA-832E-4830-B820-3A2AB5D12F5A}.Release|x64.ActiveCfg = Release|Any CPU
		{532102DA-832E-4830-B820-3A2AB5D12F5A}.Release|x64.Build.0 = Release|Any CPU
		{532102DA-832E-4830-B820-3A2AB5D12F5A}.Release|x86.ActiveCfg = Release|Any CPU
		{532102DA-832E-4830-B820-3A2AB5D12F5A}.Release|x86.Build.0 = Release|Any CPU
		{6A381CF3-8AE9-48E2-BDD1-4536D50C9EB7}.Debug|Any CPU.ActiveCfg = Debug|Any CPU
		{6A381CF3-8AE9-48E2-BDD1-4536D50C9EB7}.Debug|Any CPU.Build.0 = Debug|Any CPU
		{6A381CF3-8AE9-48E2-BDD1-4536D50C9EB7}.Debug|x64.ActiveCfg = Debug|Any CPU
		{6A381CF3-8AE9-48E2-BDD1-4536D50C9EB7}.Debug|x64.Build.0 = Debug|Any CPU
		{6A381CF3-8AE9-48E2-BDD1-4536D50C9EB7}.Debug|x86.ActiveCfg = Debug|Any CPU
		{6A381CF3-8AE9-48E2-BDD1-4536D50C9EB7}.Debug|x86.Build.0 = Debug|Any CPU
		{6A381CF3-8AE9-48E2-BDD1-4536D50C9EB7}.Release|Any CPU.ActiveCfg = Release|Any CPU
		{6A381CF3-8AE9-48E2-BDD1-4536D50C9EB7}.Release|Any CPU.Build.0 = Release|Any CPU
		{6A381CF3-8AE9-48E2-BDD1-4536D50C9EB7}.Release|x64.ActiveCfg = Release|Any CPU
		{6A381CF3-8AE9-48E2-BDD1-4536D50C9EB7}.Release|x64.Build.0 = Release|Any CPU
		{6A381CF3-8AE9-48E2-BDD1-4536D50C9EB7}.Release|x86.ActiveCfg = Release|Any CPU
		{6A381CF3-8AE9-48E2-BDD1-4536D50C9EB7}.Release|x86.Build.0 = Release|Any CPU
		{D0CE9004-76C0-4B7F-8357-72A5974B9F85}.Debug|Any CPU.ActiveCfg = Debug|Any CPU
		{D0CE9004-76C0-4B7F-8357-72A5974B9F85}.Debug|Any CPU.Build.0 = Debug|Any CPU
		{D0CE9004-76C0-4B7F-8357-72A5974B9F85}.Debug|x64.ActiveCfg = Debug|Any CPU
		{D0CE9004-76C0-4B7F-8357-72A5974B9F85}.Debug|x64.Build.0 = Debug|Any CPU
		{D0CE9004-76C0-4B7F-8357-72A5974B9F85}.Debug|x86.ActiveCfg = Debug|Any CPU
		{D0CE9004-76C0-4B7F-8357-72A5974B9F85}.Debug|x86.Build.0 = Debug|Any CPU
		{D0CE9004-76C0-4B7F-8357-72A5974B9F85}.Release|Any CPU.ActiveCfg = Release|Any CPU
		{D0CE9004-76C0-4B7F-8357-72A5974B9F85}.Release|Any CPU.Build.0 = Release|Any CPU
		{D0CE9004-76C0-4B7F-8357-72A5974B9F85}.Release|x64.ActiveCfg = Release|Any CPU
		{D0CE9004-76C0-4B7F-8357-72A5974B9F85}.Release|x64.Build.0 = Release|Any CPU
		{D0CE9004-76C0-4B7F-8357-72A5974B9F85}.Release|x86.ActiveCfg = Release|Any CPU
		{D0CE9004-76C0-4B7F-8357-72A5974B9F85}.Release|x86.Build.0 = Release|Any CPU
		{4768D179-F8F8-4E2A-8A47-82114AC958E1}.Debug|Any CPU.ActiveCfg = Debug|Any CPU
		{4768D179-F8F8-4E2A-8A47-82114AC958E1}.Debug|Any CPU.Build.0 = Debug|Any CPU
		{4768D179-F8F8-4E2A-8A47-82114AC958E1}.Debug|x64.ActiveCfg = Debug|Any CPU
		{4768D179-F8F8-4E2A-8A47-82114AC958E1}.Debug|x64.Build.0 = Debug|Any CPU
		{4768D179-F8F8-4E2A-8A47-82114AC958E1}.Debug|x86.ActiveCfg = Debug|Any CPU
		{4768D179-F8F8-4E2A-8A47-82114AC958E1}.Debug|x86.Build.0 = Debug|Any CPU
		{4768D179-F8F8-4E2A-8A47-82114AC958E1}.Release|Any CPU.ActiveCfg = Release|Any CPU
		{4768D179-F8F8-4E2A-8A47-82114AC958E1}.Release|Any CPU.Build.0 = Release|Any CPU
		{4768D179-F8F8-4E2A-8A47-82114AC958E1}.Release|x64.ActiveCfg = Release|Any CPU
		{4768D179-F8F8-4E2A-8A47-82114AC958E1}.Release|x64.Build.0 = Release|Any CPU
		{4768D179-F8F8-4E2A-8A47-82114AC958E1}.Release|x86.ActiveCfg = Release|Any CPU
		{4768D179-F8F8-4E2A-8A47-82114AC958E1}.Release|x86.Build.0 = Release|Any CPU
		{E1E96CD0-F148-4E64-B186-B50BDBF66FF1}.Debug|Any CPU.ActiveCfg = Debug|Any CPU
		{E1E96CD0-F148-4E64-B186-B50BDBF66FF1}.Debug|Any CPU.Build.0 = Debug|Any CPU
		{E1E96CD0-F148-4E64-B186-B50BDBF66FF1}.Debug|x64.ActiveCfg = Debug|Any CPU
		{E1E96CD0-F148-4E64-B186-B50BDBF66FF1}.Debug|x64.Build.0 = Debug|Any CPU
		{E1E96CD0-F148-4E64-B186-B50BDBF66FF1}.Debug|x86.ActiveCfg = Debug|Any CPU
		{E1E96CD0-F148-4E64-B186-B50BDBF66FF1}.Debug|x86.Build.0 = Debug|Any CPU
		{E1E96CD0-F148-4E64-B186-B50BDBF66FF1}.Release|Any CPU.ActiveCfg = Release|Any CPU
		{E1E96CD0-F148-4E64-B186-B50BDBF66FF1}.Release|Any CPU.Build.0 = Release|Any CPU
		{E1E96CD0-F148-4E64-B186-B50BDBF66FF1}.Release|x64.ActiveCfg = Release|Any CPU
		{E1E96CD0-F148-4E64-B186-B50BDBF66FF1}.Release|x64.Build.0 = Release|Any CPU
		{E1E96CD0-F148-4E64-B186-B50BDBF66FF1}.Release|x86.ActiveCfg = Release|Any CPU
		{E1E96CD0-F148-4E64-B186-B50BDBF66FF1}.Release|x86.Build.0 = Release|Any CPU
	EndGlobalSection
	GlobalSection(NestedProjects) = preSolution
		{3A036A89-6309-4D5E-BA37-A51CB4F29409} = {2C83F338-3CA5-4401-B7DF-25C853C6D92B}
		{67529070-4C77-4395-B626-1E09503DD7C7} = {2C83F338-3CA5-4401-B7DF-25C853C6D92B}
		{56D575A0-790F-43FF-ADFE-8E6A962F3DEA} = {2C83F338-3CA5-4401-B7DF-25C853C6D92B}
		{532102DA-832E-4830-B820-3A2AB5D12F5A} = {187E917C-9456-4B4E-A3F0-D22635578994}
		{6A381CF3-8AE9-48E2-BDD1-4536D50C9EB7} = {187E917C-9456-4B4E-A3F0-D22635578994}
		{D0CE9004-76C0-4B7F-8357-72A5974B9F85} = {187E917C-9456-4B4E-A3F0-D22635578994}
		{4768D179-F8F8-4E2A-8A47-82114AC958E1} = {187E917C-9456-4B4E-A3F0-D22635578994}
		{E1E96CD0-F148-4E64-B186-B50BDBF66FF1} = {187E917C-9456-4B4E-A3F0-D22635578994}
	EndGlobalSection
EndGlobal
