
Microsoft Visual Studio Solution File, Format Version 12.00
# Visual Studio 15
VisualStudioVersion = 15.0.26124.0
MinimumVisualStudioVersion = 15.0.26124.0
Project("{2150E333-8FDC-42A3-9474-1A3956D46DE8}") = "Blazorise", "Blazorise", "{AC1E555C-5A14-4A6D-9A28-C9CAC4539B41}"
EndProject
Project("{FAE04EC0-301F-11D3-BF4B-00C04F79EFBC}") = "Abstractions", "Blazorise\Abstractions\Abstractions.csproj", "{D5997184-999D-44E6-AA53-E357012C36E7}"
EndProject
Project("{FAE04EC0-301F-11D3-BF4B-00C04F79EFBC}") = "Services", "Blazorise\Services\Services.csproj", "{2FBA597E-D8E4-42A8-AFDD-0C95EC727356}"
EndProject
Project("{FAE04EC0-301F-11D3-BF4B-00C04F79EFBC}") = "Host", "Blazorise\Host\Host.csproj", "{8445EC18-CA54-4F6E-8576-61814B7477E7}"
EndProject
Project("{FAE04EC0-301F-11D3-BF4B-00C04F79EFBC}") = "UI", "Blazorise\UI\UI.csproj", "{68FC776D-0A89-4940-BC6C-F726274D5F79}"
EndProject
Project("{2150E333-8FDC-42A3-9474-1A3956D46DE8}") = "MudBlazor", "MudBlazor", "{4D1740FD-D047-4280-8B49-348259BD8EBA}"
EndProject
Project("{FAE04EC0-301F-11D3-BF4B-00C04F79EFBC}") = "Abstractions", "MudBlazor\Abstractions\Abstractions.csproj", "{65CFE86D-DCE5-4B65-8A4D-61DEF76652E1}"
EndProject
Project("{FAE04EC0-301F-11D3-BF4B-00C04F79EFBC}") = "Host", "MudBlazor\Host\Host.csproj", "{119F7485-7B44-4F6C-93A2-8F86C7D0650F}"
EndProject
Project("{FAE04EC0-301F-11D3-BF4B-00C04F79EFBC}") = "UI", "MudBlazor\UI\UI.csproj", "{E0717FA2-6342-46F7-A6AC-22389C95CDBD}"
EndProject
Project("{FAE04EC0-301F-11D3-BF4B-00C04F79EFBC}") = "Services", "MudBlazor\Services\Services.csproj", "{1B9EBBFD-417E-4B7E-80F8-177E79D33573}"
EndProject
Global
	GlobalSection(SolutionConfigurationPlatforms) = preSolution
		Debug|Any CPU = Debug|Any CPU
		Debug|x64 = Debug|x64
		Debug|x86 = Debug|x86
		Release|Any CPU = Release|Any CPU
		Release|x64 = Release|x64
		Release|x86 = Release|x86
	EndGlobalSection
	GlobalSection(SolutionProperties) = preSolution
		HideSolutionNode = FALSE
	EndGlobalSection
	GlobalSection(ProjectConfigurationPlatforms) = postSolution
		{D5997184-999D-44E6-AA53-E357012C36E7}.Debug|Any CPU.ActiveCfg = Debug|Any CPU
		{D5997184-999D-44E6-AA53-E357012C36E7}.Debug|Any CPU.Build.0 = Debug|Any CPU
		{D5997184-999D-44E6-AA53-E357012C36E7}.Debug|x64.ActiveCfg = Debug|Any CPU
		{D5997184-999D-44E6-AA53-E357012C36E7}.Debug|x64.Build.0 = Debug|Any CPU
		{D5997184-999D-44E6-AA53-E357012C36E7}.Debug|x86.ActiveCfg = Debug|Any CPU
		{D5997184-999D-44E6-AA53-E357012C36E7}.Debug|x86.Build.0 = Debug|Any CPU
		{D5997184-999D-44E6-AA53-E357012C36E7}.Release|Any CPU.ActiveCfg = Release|Any CPU
		{D5997184-999D-44E6-AA53-E357012C36E7}.Release|Any CPU.Build.0 = Release|Any CPU
		{D5997184-999D-44E6-AA53-E357012C36E7}.Release|x64.ActiveCfg = Release|Any CPU
		{D5997184-999D-44E6-AA53-E357012C36E7}.Release|x64.Build.0 = Release|Any CPU
		{D5997184-999D-44E6-AA53-E357012C36E7}.Release|x86.ActiveCfg = Release|Any CPU
		{D5997184-999D-44E6-AA53-E357012C36E7}.Release|x86.Build.0 = Release|Any CPU
		{2FBA597E-D8E4-42A8-AFDD-0C95EC727356}.Debug|Any CPU.ActiveCfg = Debug|Any CPU
		{2FBA597E-D8E4-42A8-AFDD-0C95EC727356}.Debug|Any CPU.Build.0 = Debug|Any CPU
		{2FBA597E-D8E4-42A8-AFDD-0C95EC727356}.Debug|x64.ActiveCfg = Debug|Any CPU
		{2FBA597E-D8E4-42A8-AFDD-0C95EC727356}.Debug|x64.Build.0 = Debug|Any CPU
		{2FBA597E-D8E4-42A8-AFDD-0C95EC727356}.Debug|x86.ActiveCfg = Debug|Any CPU
		{2FBA597E-D8E4-42A8-AFDD-0C95EC727356}.Debug|x86.Build.0 = Debug|Any CPU
		{2FBA597E-D8E4-42A8-AFDD-0C95EC727356}.Release|Any CPU.ActiveCfg = Release|Any CPU
		{2FBA597E-D8E4-42A8-AFDD-0C95EC727356}.Release|Any CPU.Build.0 = Release|Any CPU
		{2FBA597E-D8E4-42A8-AFDD-0C95EC727356}.Release|x64.ActiveCfg = Release|Any CPU
		{2FBA597E-D8E4-42A8-AFDD-0C95EC727356}.Release|x64.Build.0 = Release|Any CPU
		{2FBA597E-D8E4-42A8-AFDD-0C95EC727356}.Release|x86.ActiveCfg = Release|Any CPU
		{2FBA597E-D8E4-42A8-AFDD-0C95EC727356}.Release|x86.Build.0 = Release|Any CPU
		{8445EC18-CA54-4F6E-8576-61814B7477E7}.Debug|Any CPU.ActiveCfg = Debug|Any CPU
		{8445EC18-CA54-4F6E-8576-61814B7477E7}.Debug|Any CPU.Build.0 = Debug|Any CPU
		{8445EC18-CA54-4F6E-8576-61814B7477E7}.Debug|x64.ActiveCfg = Debug|Any CPU
		{8445EC18-CA54-4F6E-8576-61814B7477E7}.Debug|x64.Build.0 = Debug|Any CPU
		{8445EC18-CA54-4F6E-8576-61814B7477E7}.Debug|x86.ActiveCfg = Debug|Any CPU
		{8445EC18-CA54-4F6E-8576-61814B7477E7}.Debug|x86.Build.0 = Debug|Any CPU
		{8445EC18-CA54-4F6E-8576-61814B7477E7}.Release|Any CPU.ActiveCfg = Release|Any CPU
		{8445EC18-CA54-4F6E-8576-61814B7477E7}.Release|Any CPU.Build.0 = Release|Any CPU
		{8445EC18-CA54-4F6E-8576-61814B7477E7}.Release|x64.ActiveCfg = Release|Any CPU
		{8445EC18-CA54-4F6E-8576-61814B7477E7}.Release|x64.Build.0 = Release|Any CPU
		{8445EC18-CA54-4F6E-8576-61814B7477E7}.Release|x86.ActiveCfg = Release|Any CPU
		{8445EC18-CA54-4F6E-8576-61814B7477E7}.Release|x86.Build.0 = Release|Any CPU
		{68FC776D-0A89-4940-BC6C-F726274D5F79}.Debug|Any CPU.ActiveCfg = Debug|Any CPU
		{68FC776D-0A89-4940-BC6C-F726274D5F79}.Debug|Any CPU.Build.0 = Debug|Any CPU
		{68FC776D-0A89-4940-BC6C-F726274D5F79}.Debug|x64.ActiveCfg = Debug|Any CPU
		{68FC776D-0A89-4940-BC6C-F726274D5F79}.Debug|x64.Build.0 = Debug|Any CPU
		{68FC776D-0A89-4940-BC6C-F726274D5F79}.Debug|x86.ActiveCfg = Debug|Any CPU
		{68FC776D-0A89-4940-BC6C-F726274D5F79}.Debug|x86.Build.0 = Debug|Any CPU
		{68FC776D-0A89-4940-BC6C-F726274D5F79}.Release|Any CPU.ActiveCfg = Release|Any CPU
		{68FC776D-0A89-4940-BC6C-F726274D5F79}.Release|Any CPU.Build.0 = Release|Any CPU
		{68FC776D-0A89-4940-BC6C-F726274D5F79}.Release|x64.ActiveCfg = Release|Any CPU
		{68FC776D-0A89-4940-BC6C-F726274D5F79}.Release|x64.Build.0 = Release|Any CPU
		{68FC776D-0A89-4940-BC6C-F726274D5F79}.Release|x86.ActiveCfg = Release|Any CPU
		{68FC776D-0A89-4940-BC6C-F726274D5F79}.Release|x86.Build.0 = Release|Any CPU
		{65CFE86D-DCE5-4B65-8A4D-61DEF76652E1}.Debug|Any CPU.ActiveCfg = Debug|Any CPU
		{65CFE86D-DCE5-4B65-8A4D-61DEF76652E1}.Debug|Any CPU.Build.0 = Debug|Any CPU
		{65CFE86D-DCE5-4B65-8A4D-61DEF76652E1}.Debug|x64.ActiveCfg = Debug|Any CPU
		{65CFE86D-DCE5-4B65-8A4D-61DEF76652E1}.Debug|x64.Build.0 = Debug|Any CPU
		{65CFE86D-DCE5-4B65-8A4D-61DEF76652E1}.Debug|x86.ActiveCfg = Debug|Any CPU
		{65CFE86D-DCE5-4B65-8A4D-61DEF76652E1}.Debug|x86.Build.0 = Debug|Any CPU
		{65CFE86D-DCE5-4B65-8A4D-61DEF76652E1}.Release|Any CPU.ActiveCfg = Release|Any CPU
		{65CFE86D-DCE5-4B65-8A4D-61DEF76652E1}.Release|Any CPU.Build.0 = Release|Any CPU
		{65CFE86D-DCE5-4B65-8A4D-61DEF76652E1}.Release|x64.ActiveCfg = Release|Any CPU
		{65CFE86D-DCE5-4B65-8A4D-61DEF76652E1}.Release|x64.Build.0 = Release|Any CPU
		{65CFE86D-DCE5-4B65-8A4D-61DEF76652E1}.Release|x86.ActiveCfg = Release|Any CPU
		{65CFE86D-DCE5-4B65-8A4D-61DEF76652E1}.Release|x86.Build.0 = Release|Any CPU
		{119F7485-7B44-4F6C-93A2-8F86C7D0650F}.Debug|Any CPU.ActiveCfg = Debug|Any CPU
		{119F7485-7B44-4F6C-93A2-8F86C7D0650F}.Debug|Any CPU.Build.0 = Debug|Any CPU
		{119F7485-7B44-4F6C-93A2-8F86C7D0650F}.Debug|x64.ActiveCfg = Debug|Any CPU
		{119F7485-7B44-4F6C-93A2-8F86C7D0650F}.Debug|x64.Build.0 = Debug|Any CPU
		{119F7485-7B44-4F6C-93A2-8F86C7D0650F}.Debug|x86.ActiveCfg = Debug|Any CPU
		{119F7485-7B44-4F6C-93A2-8F86C7D0650F}.Debug|x86.Build.0 = Debug|Any CPU
		{119F7485-7B44-4F6C-93A2-8F86C7D0650F}.Release|Any CPU.ActiveCfg = Release|Any CPU
		{119F7485-7B44-4F6C-93A2-8F86C7D0650F}.Release|Any CPU.Build.0 = Release|Any CPU
		{119F7485-7B44-4F6C-93A2-8F86C7D0650F}.Release|x64.ActiveCfg = Release|Any CPU
		{119F7485-7B44-4F6C-93A2-8F86C7D0650F}.Release|x64.Build.0 = Release|Any CPU
		{119F7485-7B44-4F6C-93A2-8F86C7D0650F}.Release|x86.ActiveCfg = Release|Any CPU
		{119F7485-7B44-4F6C-93A2-8F86C7D0650F}.Release|x86.Build.0 = Release|Any CPU
		{E0717FA2-6342-46F7-A6AC-22389C95CDBD}.Debug|Any CPU.ActiveCfg = Debug|Any CPU
		{E0717FA2-6342-46F7-A6AC-22389C95CDBD}.Debug|Any CPU.Build.0 = Debug|Any CPU
		{E0717FA2-6342-46F7-A6AC-22389C95CDBD}.Debug|x64.ActiveCfg = Debug|Any CPU
		{E0717FA2-6342-46F7-A6AC-22389C95CDBD}.Debug|x64.Build.0 = Debug|Any CPU
		{E0717FA2-6342-46F7-A6AC-22389C95CDBD}.Debug|x86.ActiveCfg = Debug|Any CPU
		{E0717FA2-6342-46F7-A6AC-22389C95CDBD}.Debug|x86.Build.0 = Debug|Any CPU
		{E0717FA2-6342-46F7-A6AC-22389C95CDBD}.Release|Any CPU.ActiveCfg = Release|Any CPU
		{E0717FA2-6342-46F7-A6AC-22389C95CDBD}.Release|Any CPU.Build.0 = Release|Any CPU
		{E0717FA2-6342-46F7-A6AC-22389C95CDBD}.Release|x64.ActiveCfg = Release|Any CPU
		{E0717FA2-6342-46F7-A6AC-22389C95CDBD}.Release|x64.Build.0 = Release|Any CPU
		{E0717FA2-6342-46F7-A6AC-22389C95CDBD}.Release|x86.ActiveCfg = Release|Any CPU
		{E0717FA2-6342-46F7-A6AC-22389C95CDBD}.Release|x86.Build.0 = Release|Any CPU
		{1B9EBBFD-417E-4B7E-80F8-177E79D33573}.Debug|Any CPU.ActiveCfg = Debug|Any CPU
		{1B9EBBFD-417E-4B7E-80F8-177E79D33573}.Debug|Any CPU.Build.0 = Debug|Any CPU
		{1B9EBBFD-417E-4B7E-80F8-177E79D33573}.Debug|x64.ActiveCfg = Debug|Any CPU
		{1B9EBBFD-417E-4B7E-80F8-177E79D33573}.Debug|x64.Build.0 = Debug|Any CPU
		{1B9EBBFD-417E-4B7E-80F8-177E79D33573}.Debug|x86.ActiveCfg = Debug|Any CPU
		{1B9EBBFD-417E-4B7E-80F8-177E79D33573}.Debug|x86.Build.0 = Debug|Any CPU
		{1B9EBBFD-417E-4B7E-80F8-177E79D33573}.Release|Any CPU.ActiveCfg = Release|Any CPU
		{1B9EBBFD-417E-4B7E-80F8-177E79D33573}.Release|Any CPU.Build.0 = Release|Any CPU
		{1B9EBBFD-417E-4B7E-80F8-177E79D33573}.Release|x64.ActiveCfg = Release|Any CPU
		{1B9EBBFD-417E-4B7E-80F8-177E79D33573}.Release|x64.Build.0 = Release|Any CPU
		{1B9EBBFD-417E-4B7E-80F8-177E79D33573}.Release|x86.ActiveCfg = Release|Any CPU
		{1B9EBBFD-417E-4B7E-80F8-177E79D33573}.Release|x86.Build.0 = Release|Any CPU
	EndGlobalSection
	GlobalSection(NestedProjects) = preSolution
		{D5997184-999D-44E6-AA53-E357012C36E7} = {AC1E555C-5A14-4A6D-9A28-C9CAC4539B41}
		{2FBA597E-D8E4-42A8-AFDD-0C95EC727356} = {AC1E555C-5A14-4A6D-9A28-C9CAC4539B41}
		{8445EC18-CA54-4F6E-8576-61814B7477E7} = {AC1E555C-5A14-4A6D-9A28-C9CAC4539B41}
		{68FC776D-0A89-4940-BC6C-F726274D5F79} = {AC1E555C-5A14-4A6D-9A28-C9CAC4539B41}
		{65CFE86D-DCE5-4B65-8A4D-61DEF76652E1} = {4D1740FD-D047-4280-8B49-348259BD8EBA}
		{119F7485-7B44-4F6C-93A2-8F86C7D0650F} = {4D1740FD-D047-4280-8B49-348259BD8EBA}
		{E0717FA2-6342-46F7-A6AC-22389C95CDBD} = {4D1740FD-D047-4280-8B49-348259BD8EBA}
		{1B9EBBFD-417E-4B7E-80F8-177E79D33573} = {4D1740FD-D047-4280-8B49-348259BD8EBA}
	EndGlobalSection
EndGlobal
