
Microsoft Visual Studio Solution File, Format Version 12.00
# Visual Studio 15
VisualStudioVersion = 15.0.26124.0
MinimumVisualStudioVersion = 15.0.26124.0
Project("{2150E333-8FDC-42A3-9474-1A3956D46DE8}") = "Blazor", "Blazor", "{721EB580-F2C3-4FD2-8116-3C937C7D784E}"
EndProject
Project("{FAE04EC0-301F-11D3-BF4B-00C04F79EFBC}") = "Server", "Blazor\Server\Server.csproj", "{164BCD91-739C-471D-BAC9-46FE47B1D1C7}"
EndProject
Project("{FAE04EC0-301F-11D3-BF4B-00C04F79EFBC}") = "Client", "Blazor\Client\Client.csproj", "{97460D3F-F3DA-4389-A903-338AA24258F0}"
EndProject
Project("{FAE04EC0-301F-11D3-BF4B-00C04F79EFBC}") = "Common", "Blazor\Common\Common.csproj", "{CE975C11-BBB7-44D7-974F-BB683D6C2657}"
EndProject
Project("{2150E333-8FDC-42A3-9474-1A3956D46DE8}") = "Blazor2", "Blazor2", "{AC1E555C-5A14-4A6D-9A28-C9CAC4539B41}"
EndProject
Project("{FAE04EC0-301F-11D3-BF4B-00C04F79EFBC}") = "Abstractions", "Blazor2\Abstractions\Abstractions.csproj", "{D5997184-999D-44E6-AA53-E357012C36E7}"
EndProject
Project("{FAE04EC0-301F-11D3-BF4B-00C04F79EFBC}") = "Services", "Blazor2\Services\Services.csproj", "{2FBA597E-D8E4-42A8-AFDD-0C95EC727356}"
EndProject
Project("{FAE04EC0-301F-11D3-BF4B-00C04F79EFBC}") = "Host", "Blazor2\Host\Host.csproj", "{8445EC18-CA54-4F6E-8576-61814B7477E7}"
EndProject
Project("{FAE04EC0-301F-11D3-BF4B-00C04F79EFBC}") = "UI", "Blazor2\UI\UI.csproj", "{68FC776D-0A89-4940-BC6C-F726274D5F79}"
EndProject
Global
	GlobalSection(SolutionConfigurationPlatforms) = preSolution
		Debug|Any CPU = Debug|Any CPU
		Debug|x64 = Debug|x64
		Debug|x86 = Debug|x86
		Release|Any CPU = Release|Any CPU
		Release|x64 = Release|x64
		Release|x86 = Release|x86
	EndGlobalSection
	GlobalSection(SolutionProperties) = preSolution
		HideSolutionNode = FALSE
	EndGlobalSection
	GlobalSection(ProjectConfigurationPlatforms) = postSolution
		{164BCD91-739C-471D-BAC9-46FE47B1D1C7}.Debug|Any CPU.ActiveCfg = Debug|Any CPU
		{164BCD91-739C-471D-BAC9-46FE47B1D1C7}.Debug|Any CPU.Build.0 = Debug|Any CPU
		{164BCD91-739C-471D-BAC9-46FE47B1D1C7}.Debug|x64.ActiveCfg = Debug|Any CPU
		{164BCD91-739C-471D-BAC9-46FE47B1D1C7}.Debug|x64.Build.0 = Debug|Any CPU
		{164BCD91-739C-471D-BAC9-46FE47B1D1C7}.Debug|x86.ActiveCfg = Debug|Any CPU
		{164BCD91-739C-471D-BAC9-46FE47B1D1C7}.Debug|x86.Build.0 = Debug|Any CPU
		{164BCD91-739C-471D-BAC9-46FE47B1D1C7}.Release|Any CPU.ActiveCfg = Release|Any CPU
		{164BCD91-739C-471D-BAC9-46FE47B1D1C7}.Release|Any CPU.Build.0 = Release|Any CPU
		{164BCD91-739C-471D-BAC9-46FE47B1D1C7}.Release|x64.ActiveCfg = Release|Any CPU
		{164BCD91-739C-471D-BAC9-46FE47B1D1C7}.Release|x64.Build.0 = Release|Any CPU
		{164BCD91-739C-471D-BAC9-46FE47B1D1C7}.Release|x86.ActiveCfg = Release|Any CPU
		{164BCD91-739C-471D-BAC9-46FE47B1D1C7}.Release|x86.Build.0 = Release|Any CPU
		{97460D3F-F3DA-4389-A903-338AA24258F0}.Debug|Any CPU.ActiveCfg = Debug|Any CPU
		{97460D3F-F3DA-4389-A903-338AA24258F0}.Debug|Any CPU.Build.0 = Debug|Any CPU
		{97460D3F-F3DA-4389-A903-338AA24258F0}.Debug|x64.ActiveCfg = Debug|Any CPU
		{97460D3F-F3DA-4389-A903-338AA24258F0}.Debug|x64.Build.0 = Debug|Any CPU
		{97460D3F-F3DA-4389-A903-338AA24258F0}.Debug|x86.ActiveCfg = Debug|Any CPU
		{97460D3F-F3DA-4389-A903-338AA24258F0}.Debug|x86.Build.0 = Debug|Any CPU
		{97460D3F-F3DA-4389-A903-338AA24258F0}.Release|Any CPU.ActiveCfg = Release|Any CPU
		{97460D3F-F3DA-4389-A903-338AA24258F0}.Release|Any CPU.Build.0 = Release|Any CPU
		{97460D3F-F3DA-4389-A903-338AA24258F0}.Release|x64.ActiveCfg = Release|Any CPU
		{97460D3F-F3DA-4389-A903-338AA24258F0}.Release|x64.Build.0 = Release|Any CPU
		{97460D3F-F3DA-4389-A903-338AA24258F0}.Release|x86.ActiveCfg = Release|Any CPU
		{97460D3F-F3DA-4389-A903-338AA24258F0}.Release|x86.Build.0 = Release|Any CPU
		{CE975C11-BBB7-44D7-974F-BB683D6C2657}.Debug|Any CPU.ActiveCfg = Debug|Any CPU
		{CE975C11-BBB7-44D7-974F-BB683D6C2657}.Debug|Any CPU.Build.0 = Debug|Any CPU
		{CE975C11-BBB7-44D7-974F-BB683D6C2657}.Debug|x64.ActiveCfg = Debug|Any CPU
		{CE975C11-BBB7-44D7-974F-BB683D6C2657}.Debug|x64.Build.0 = Debug|Any CPU
		{CE975C11-BBB7-44D7-974F-BB683D6C2657}.Debug|x86.ActiveCfg = Debug|Any CPU
		{CE975C11-BBB7-44D7-974F-BB683D6C2657}.Debug|x86.Build.0 = Debug|Any CPU
		{CE975C11-BBB7-44D7-974F-BB683D6C2657}.Release|Any CPU.ActiveCfg = Release|Any CPU
		{CE975C11-BBB7-44D7-974F-BB683D6C2657}.Release|Any CPU.Build.0 = Release|Any CPU
		{CE975C11-BBB7-44D7-974F-BB683D6C2657}.Release|x64.ActiveCfg = Release|Any CPU
		{CE975C11-BBB7-44D7-974F-BB683D6C2657}.Release|x64.Build.0 = Release|Any CPU
		{CE975C11-BBB7-44D7-974F-BB683D6C2657}.Release|x86.ActiveCfg = Release|Any CPU
		{CE975C11-BBB7-44D7-974F-BB683D6C2657}.Release|x86.Build.0 = Release|Any CPU
		{D5997184-999D-44E6-AA53-E357012C36E7}.Debug|Any CPU.ActiveCfg = Debug|Any CPU
		{D5997184-999D-44E6-AA53-E357012C36E7}.Debug|Any CPU.Build.0 = Debug|Any CPU
		{D5997184-999D-44E6-AA53-E357012C36E7}.Debug|x64.ActiveCfg = Debug|Any CPU
		{D5997184-999D-44E6-AA53-E357012C36E7}.Debug|x64.Build.0 = Debug|Any CPU
		{D5997184-999D-44E6-AA53-E357012C36E7}.Debug|x86.ActiveCfg = Debug|Any CPU
		{D5997184-999D-44E6-AA53-E357012C36E7}.Debug|x86.Build.0 = Debug|Any CPU
		{D5997184-999D-44E6-AA53-E357012C36E7}.Release|Any CPU.ActiveCfg = Release|Any CPU
		{D5997184-999D-44E6-AA53-E357012C36E7}.Release|Any CPU.Build.0 = Release|Any CPU
		{D5997184-999D-44E6-AA53-E357012C36E7}.Release|x64.ActiveCfg = Release|Any CPU
		{D5997184-999D-44E6-AA53-E357012C36E7}.Release|x64.Build.0 = Release|Any CPU
		{D5997184-999D-44E6-AA53-E357012C36E7}.Release|x86.ActiveCfg = Release|Any CPU
		{D5997184-999D-44E6-AA53-E357012C36E7}.Release|x86.Build.0 = Release|Any CPU
		{2FBA597E-D8E4-42A8-AFDD-0C95EC727356}.Debug|Any CPU.ActiveCfg = Debug|Any CPU
		{2FBA597E-D8E4-42A8-AFDD-0C95EC727356}.Debug|Any CPU.Build.0 = Debug|Any CPU
		{2FBA597E-D8E4-42A8-AFDD-0C95EC727356}.Debug|x64.ActiveCfg = Debug|Any CPU
		{2FBA597E-D8E4-42A8-AFDD-0C95EC727356}.Debug|x64.Build.0 = Debug|Any CPU
		{2FBA597E-D8E4-42A8-AFDD-0C95EC727356}.Debug|x86.ActiveCfg = Debug|Any CPU
		{2FBA597E-D8E4-42A8-AFDD-0C95EC727356}.Debug|x86.Build.0 = Debug|Any CPU
		{2FBA597E-D8E4-42A8-AFDD-0C95EC727356}.Release|Any CPU.ActiveCfg = Release|Any CPU
		{2FBA597E-D8E4-42A8-AFDD-0C95EC727356}.Release|Any CPU.Build.0 = Release|Any CPU
		{2FBA597E-D8E4-42A8-AFDD-0C95EC727356}.Release|x64.ActiveCfg = Release|Any CPU
		{2FBA597E-D8E4-42A8-AFDD-0C95EC727356}.Release|x64.Build.0 = Release|Any CPU
		{2FBA597E-D8E4-42A8-AFDD-0C95EC727356}.Release|x86.ActiveCfg = Release|Any CPU
		{2FBA597E-D8E4-42A8-AFDD-0C95EC727356}.Release|x86.Build.0 = Release|Any CPU
		{8445EC18-CA54-4F6E-8576-61814B7477E7}.Debug|Any CPU.ActiveCfg = Debug|Any CPU
		{8445EC18-CA54-4F6E-8576-61814B7477E7}.Debug|Any CPU.Build.0 = Debug|Any CPU
		{8445EC18-CA54-4F6E-8576-61814B7477E7}.Debug|x64.ActiveCfg = Debug|Any CPU
		{8445EC18-CA54-4F6E-8576-61814B7477E7}.Debug|x64.Build.0 = Debug|Any CPU
		{8445EC18-CA54-4F6E-8576-61814B7477E7}.Debug|x86.ActiveCfg = Debug|Any CPU
		{8445EC18-CA54-4F6E-8576-61814B7477E7}.Debug|x86.Build.0 = Debug|Any CPU
		{8445EC18-CA54-4F6E-8576-61814B7477E7}.Release|Any CPU.ActiveCfg = Release|Any CPU
		{8445EC18-CA54-4F6E-8576-61814B7477E7}.Release|Any CPU.Build.0 = Release|Any CPU
		{8445EC18-CA54-4F6E-8576-61814B7477E7}.Release|x64.ActiveCfg = Release|Any CPU
		{8445EC18-CA54-4F6E-8576-61814B7477E7}.Release|x64.Build.0 = Release|Any CPU
		{8445EC18-CA54-4F6E-8576-61814B7477E7}.Release|x86.ActiveCfg = Release|Any CPU
		{8445EC18-CA54-4F6E-8576-61814B7477E7}.Release|x86.Build.0 = Release|Any CPU
		{68FC776D-0A89-4940-BC6C-F726274D5F79}.Debug|Any CPU.ActiveCfg = Debug|Any CPU
		{68FC776D-0A89-4940-BC6C-F726274D5F79}.Debug|Any CPU.Build.0 = Debug|Any CPU
		{68FC776D-0A89-4940-BC6C-F726274D5F79}.Debug|x64.ActiveCfg = Debug|Any CPU
		{68FC776D-0A89-4940-BC6C-F726274D5F79}.Debug|x64.Build.0 = Debug|Any CPU
		{68FC776D-0A89-4940-BC6C-F726274D5F79}.Debug|x86.ActiveCfg = Debug|Any CPU
		{68FC776D-0A89-4940-BC6C-F726274D5F79}.Debug|x86.Build.0 = Debug|Any CPU
		{68FC776D-0A89-4940-BC6C-F726274D5F79}.Release|Any CPU.ActiveCfg = Release|Any CPU
		{68FC776D-0A89-4940-BC6C-F726274D5F79}.Release|Any CPU.Build.0 = Release|Any CPU
		{68FC776D-0A89-4940-BC6C-F726274D5F79}.Release|x64.ActiveCfg = Release|Any CPU
		{68FC776D-0A89-4940-BC6C-F726274D5F79}.Release|x64.Build.0 = Release|Any CPU
		{68FC776D-0A89-4940-BC6C-F726274D5F79}.Release|x86.ActiveCfg = Release|Any CPU
		{68FC776D-0A89-4940-BC6C-F726274D5F79}.Release|x86.Build.0 = Release|Any CPU
	EndGlobalSection
	GlobalSection(NestedProjects) = preSolution
		{164BCD91-739C-471D-BAC9-46FE47B1D1C7} = {721EB580-F2C3-4FD2-8116-3C937C7D784E}
		{97460D3F-F3DA-4389-A903-338AA24258F0} = {721EB580-F2C3-4FD2-8116-3C937C7D784E}
		{CE975C11-BBB7-44D7-974F-BB683D6C2657} = {721EB580-F2C3-4FD2-8116-3C937C7D784E}
		{D5997184-999D-44E6-AA53-E357012C36E7} = {AC1E555C-5A14-4A6D-9A28-C9CAC4539B41}
		{2FBA597E-D8E4-42A8-AFDD-0C95EC727356} = {AC1E555C-5A14-4A6D-9A28-C9CAC4539B41}
		{8445EC18-CA54-4F6E-8576-61814B7477E7} = {AC1E555C-5A14-4A6D-9A28-C9CAC4539B41}
		{68FC776D-0A89-4940-BC6C-F726274D5F79} = {AC1E555C-5A14-4A6D-9A28-C9CAC4539B41}
	EndGlobalSection
EndGlobal
